// !$*UTF8*$!
{
	archiveVersion = 1;
	classes = {
	};
	objectVersion = 46;
	objects = {

/* Begin PBXBuildFile section */
		6419EE141B57DCBD001F40A1 /* AppDelegate.swift in Sources */ = {isa = PBXBuildFile; fileRef = 6419EE131B57DCBD001F40A1 /* AppDelegate.swift */; };
		6419EE161B57DCBD001F40A1 /* ViewController.swift in Sources */ = {isa = PBXBuildFile; fileRef = 6419EE151B57DCBD001F40A1 /* ViewController.swift */; };
		6419EE191B57DCBD001F40A1 /* Main.storyboard in Resources */ = {isa = PBXBuildFile; fileRef = 6419EE171B57DCBD001F40A1 /* Main.storyboard */; };
		6419EE1B1B57DCBD001F40A1 /* Images.xcassets in Resources */ = {isa = PBXBuildFile; fileRef = 6419EE1A1B57DCBD001F40A1 /* Images.xcassets */; };
		6419EE1E1B57DCBD001F40A1 /* LaunchScreen.xib in Resources */ = {isa = PBXBuildFile; fileRef = 6419EE1C1B57DCBD001F40A1 /* LaunchScreen.xib */; };
		6419EE2A1B57DCBD001F40A1 /* SimplifyTests.swift in Sources */ = {isa = PBXBuildFile; fileRef = 6419EE291B57DCBD001F40A1 /* SimplifyTests.swift */; };
		6419EE361B57DCF6001F40A1 /* 1k.json in Resources */ = {isa = PBXBuildFile; fileRef = 6419EE351B57DCF6001F40A1 /* 1k.json */; };
		6419EE381B57E079001F40A1 /* CoreLocation.framework in Frameworks */ = {isa = PBXBuildFile; fileRef = 6419EE371B57E079001F40A1 /* CoreLocation.framework */; };
		6419EE3A1B57E18E001F40A1 /* RenderView.swift in Sources */ = {isa = PBXBuildFile; fileRef = 6419EE391B57E18E001F40A1 /* RenderView.swift */; };
		6419EE3C1B57F808001F40A1 /* SwiftSimplify.swift in Sources */ = {isa = PBXBuildFile; fileRef = 6419EE3B1B57F808001F40A1 /* SwiftSimplify.swift */; };
/* End PBXBuildFile section */

/* Begin PBXContainerItemProxy section */
		6419EE241B57DCBD001F40A1 /* PBXContainerItemProxy */ = {
			isa = PBXContainerItemProxy;
			containerPortal = 6419EE061B57DCBD001F40A1 /* Project object */;
			proxyType = 1;
			remoteGlobalIDString = 6419EE0D1B57DCBD001F40A1;
			remoteInfo = Simplify;
		};
/* End PBXContainerItemProxy section */

/* Begin PBXFileReference section */
		6419EE0E1B57DCBD001F40A1 /* Simplify.app */ = {isa = PBXFileReference; explicitFileType = wrapper.application; includeInIndex = 0; path = Simplify.app; sourceTree = BUILT_PRODUCTS_DIR; };
		6419EE121B57DCBD001F40A1 /* Info.plist */ = {isa = PBXFileReference; lastKnownFileType = text.plist.xml; path = Info.plist; sourceTree = "<group>"; };
		6419EE131B57DCBD001F40A1 /* AppDelegate.swift */ = {isa = PBXFileReference; lastKnownFileType = sourcecode.swift; path = AppDelegate.swift; sourceTree = "<group>"; };
		6419EE151B57DCBD001F40A1 /* ViewController.swift */ = {isa = PBXFileReference; lastKnownFileType = sourcecode.swift; path = ViewController.swift; sourceTree = "<group>"; };
		6419EE181B57DCBD001F40A1 /* Base */ = {isa = PBXFileReference; lastKnownFileType = file.storyboard; name = Base; path = Base.lproj/Main.storyboard; sourceTree = "<group>"; };
		6419EE1A1B57DCBD001F40A1 /* Images.xcassets */ = {isa = PBXFileReference; lastKnownFileType = folder.assetcatalog; path = Images.xcassets; sourceTree = "<group>"; };
		6419EE1D1B57DCBD001F40A1 /* Base */ = {isa = PBXFileReference; lastKnownFileType = file.xib; name = Base; path = Base.lproj/LaunchScreen.xib; sourceTree = "<group>"; };
		6419EE231B57DCBD001F40A1 /* SimplifyTests.xctest */ = {isa = PBXFileReference; explicitFileType = wrapper.cfbundle; includeInIndex = 0; path = SimplifyTests.xctest; sourceTree = BUILT_PRODUCTS_DIR; };
		6419EE281B57DCBD001F40A1 /* Info.plist */ = {isa = PBXFileReference; lastKnownFileType = text.plist.xml; path = Info.plist; sourceTree = "<group>"; };
		6419EE291B57DCBD001F40A1 /* SimplifyTests.swift */ = {isa = PBXFileReference; lastKnownFileType = sourcecode.swift; path = SimplifyTests.swift; sourceTree = "<group>"; };
		6419EE351B57DCF6001F40A1 /* 1k.json */ = {isa = PBXFileReference; fileEncoding = 4; lastKnownFileType = text.json; path = 1k.json; sourceTree = "<group>"; };
		6419EE371B57E079001F40A1 /* CoreLocation.framework */ = {isa = PBXFileReference; lastKnownFileType = wrapper.framework; name = CoreLocation.framework; path = System/Library/Frameworks/CoreLocation.framework; sourceTree = SDKROOT; };
		6419EE391B57E18E001F40A1 /* RenderView.swift */ = {isa = PBXFileReference; fileEncoding = 4; lastKnownFileType = sourcecode.swift; path = RenderView.swift; sourceTree = "<group>"; };
		6419EE3B1B57F808001F40A1 /* SwiftSimplify.swift */ = {isa = PBXFileReference; fileEncoding = 4; lastKnownFileType = sourcecode.swift; name = SwiftSimplify.swift; path = ../../Pod/Classes/SwiftSimplify.swift; sourceTree = "<group>"; };
/* End PBXFileReference section */

/* Begin PBXFrameworksBuildPhase section */
		6419EE0B1B57DCBD001F40A1 /* Frameworks */ = {
			isa = PBXFrameworksBuildPhase;
			buildActionMask = 2147483647;
			files = (
				6419EE381B57E079001F40A1 /* CoreLocation.framework in Frameworks */,
			);
			runOnlyForDeploymentPostprocessing = 0;
		};
		6419EE201B57DCBD001F40A1 /* Frameworks */ = {
			isa = PBXFrameworksBuildPhase;
			buildActionMask = 2147483647;
			files = (
			);
			runOnlyForDeploymentPostprocessing = 0;
		};
/* End PBXFrameworksBuildPhase section */

/* Begin PBXGroup section */
		6419EE051B57DCBD001F40A1 = {
			isa = PBXGroup;
			children = (
				6419EE101B57DCBD001F40A1 /* Simplify */,
				6419EE261B57DCBD001F40A1 /* SimplifyTests */,
				6419EE0F1B57DCBD001F40A1 /* Products */,
			);
			sourceTree = "<group>";
		};
		6419EE0F1B57DCBD001F40A1 /* Products */ = {
			isa = PBXGroup;
			children = (
				6419EE0E1B57DCBD001F40A1 /* Simplify.app */,
				6419EE231B57DCBD001F40A1 /* SimplifyTests.xctest */,
			);
			name = Products;
			sourceTree = "<group>";
		};
		6419EE101B57DCBD001F40A1 /* Simplify */ = {
			isa = PBXGroup;
			children = (
				6419EE131B57DCBD001F40A1 /* AppDelegate.swift */,
				6419EE3E1B57F815001F40A1 /* Main View Controller */,
				6419EE3F1B57F81E001F40A1 /* Example Data */,
				6419EE3D1B57F80B001F40A1 /* SwiftSimplify */,
				6419EE1A1B57DCBD001F40A1 /* Images.xcassets */,
				6419EE1C1B57DCBD001F40A1 /* LaunchScreen.xib */,
				6419EE111B57DCBD001F40A1 /* Supporting Files */,
			);
			path = Simplify;
			sourceTree = "<group>";
		};
		6419EE111B57DCBD001F40A1 /* Supporting Files */ = {
			isa = PBXGroup;
			children = (
				6419EE371B57E079001F40A1 /* CoreLocation.framework */,
				6419EE121B57DCBD001F40A1 /* Info.plist */,
			);
			name = "Supporting Files";
			sourceTree = "<group>";
		};
		6419EE261B57DCBD001F40A1 /* SimplifyTests */ = {
			isa = PBXGroup;
			children = (
				6419EE291B57DCBD001F40A1 /* SimplifyTests.swift */,
				6419EE271B57DCBD001F40A1 /* Supporting Files */,
			);
			path = SimplifyTests;
			sourceTree = "<group>";
		};
		6419EE271B57DCBD001F40A1 /* Supporting Files */ = {
			isa = PBXGroup;
			children = (
				6419EE281B57DCBD001F40A1 /* Info.plist */,
			);
			name = "Supporting Files";
			sourceTree = "<group>";
		};
		6419EE3D1B57F80B001F40A1 /* SwiftSimplify */ = {
			isa = PBXGroup;
			children = (
				6419EE3B1B57F808001F40A1 /* SwiftSimplify.swift */,
			);
			name = SwiftSimplify;
			sourceTree = "<group>";
		};
		6419EE3E1B57F815001F40A1 /* Main View Controller */ = {
			isa = PBXGroup;
			children = (
				6419EE151B57DCBD001F40A1 /* ViewController.swift */,
				6419EE391B57E18E001F40A1 /* RenderView.swift */,
				6419EE171B57DCBD001F40A1 /* Main.storyboard */,
			);
			name = "Main View Controller";
			sourceTree = "<group>";
		};
		6419EE3F1B57F81E001F40A1 /* Example Data */ = {
			isa = PBXGroup;
			children = (
				6419EE351B57DCF6001F40A1 /* 1k.json */,
			);
			name = "Example Data";
			sourceTree = "<group>";
		};
/* End PBXGroup section */

/* Begin PBXNativeTarget section */
		6419EE0D1B57DCBD001F40A1 /* Simplify */ = {
			isa = PBXNativeTarget;
			buildConfigurationList = 6419EE2D1B57DCBD001F40A1 /* Build configuration list for PBXNativeTarget "Simplify" */;
			buildPhases = (
				6419EE0A1B57DCBD001F40A1 /* Sources */,
				6419EE0B1B57DCBD001F40A1 /* Frameworks */,
				6419EE0C1B57DCBD001F40A1 /* Resources */,
			);
			buildRules = (
			);
			dependencies = (
			);
			name = Simplify;
			productName = Simplify;
			productReference = 6419EE0E1B57DCBD001F40A1 /* Simplify.app */;
			productType = "com.apple.product-type.application";
		};
		6419EE221B57DCBD001F40A1 /* SimplifyTests */ = {
			isa = PBXNativeTarget;
			buildConfigurationList = 6419EE301B57DCBD001F40A1 /* Build configuration list for PBXNativeTarget "SimplifyTests" */;
			buildPhases = (
				6419EE1F1B57DCBD001F40A1 /* Sources */,
				6419EE201B57DCBD001F40A1 /* Frameworks */,
				6419EE211B57DCBD001F40A1 /* Resources */,
			);
			buildRules = (
			);
			dependencies = (
				6419EE251B57DCBD001F40A1 /* PBXTargetDependency */,
			);
			name = SimplifyTests;
			productName = SimplifyTests;
			productReference = 6419EE231B57DCBD001F40A1 /* SimplifyTests.xctest */;
			productType = "com.apple.product-type.bundle.unit-test";
		};
/* End PBXNativeTarget section */

/* Begin PBXProject section */
		6419EE061B57DCBD001F40A1 /* Project object */ = {
			isa = PBXProject;
			attributes = {
				LastSwiftMigration = 0730;
				LastSwiftUpdateCheck = 0730;
				LastUpgradeCheck = 0730;
				ORGANIZATIONNAME = danielemargutti;
				TargetAttributes = {
					6419EE0D1B57DCBD001F40A1 = {
						CreatedOnToolsVersion = 6.4;
					};
					6419EE221B57DCBD001F40A1 = {
						CreatedOnToolsVersion = 6.4;
						TestTargetID = 6419EE0D1B57DCBD001F40A1;
					};
				};
			};
			buildConfigurationList = 6419EE091B57DCBD001F40A1 /* Build configuration list for PBXProject "Simplify" */;
			compatibilityVersion = "Xcode 3.2";
			developmentRegion = English;
			hasScannedForEncodings = 0;
			knownRegions = (
				en,
				Base,
			);
			mainGroup = 6419EE051B57DCBD001F40A1;
			productRefGroup = 6419EE0F1B57DCBD001F40A1 /* Products */;
			projectDirPath = "";
			projectRoot = "";
			targets = (
				6419EE0D1B57DCBD001F40A1 /* Simplify */,
				6419EE221B57DCBD001F40A1 /* SimplifyTests */,
			);
		};
/* End PBXProject section */

/* Begin PBXResourcesBuildPhase section */
		6419EE0C1B57DCBD001F40A1 /* Resources */ = {
			isa = PBXResourcesBuildPhase;
			buildActionMask = 2147483647;
			files = (
				6419EE191B57DCBD001F40A1 /* Main.storyboard in Resources */,
				6419EE1E1B57DCBD001F40A1 /* LaunchScreen.xib in Resources */,
				6419EE1B1B57DCBD001F40A1 /* Images.xcassets in Resources */,
				6419EE361B57DCF6001F40A1 /* 1k.json in Resources */,
			);
			runOnlyForDeploymentPostprocessing = 0;
		};
		6419EE211B57DCBD001F40A1 /* Resources */ = {
			isa = PBXResourcesBuildPhase;
			buildActionMask = 2147483647;
			files = (
			);
			runOnlyForDeploymentPostprocessing = 0;
		};
/* End PBXResourcesBuildPhase section */

/* Begin PBXSourcesBuildPhase section */
		6419EE0A1B57DCBD001F40A1 /* Sources */ = {
			isa = PBXSourcesBuildPhase;
			buildActionMask = 2147483647;
			files = (
				6419EE3C1B57F808001F40A1 /* SwiftSimplify.swift in Sources */,
				6419EE161B57DCBD001F40A1 /* ViewController.swift in Sources */,
				6419EE3A1B57E18E001F40A1 /* RenderView.swift in Sources */,
				6419EE141B57DCBD001F40A1 /* AppDelegate.swift in Sources */,
			);
			runOnlyForDeploymentPostprocessing = 0;
		};
		6419EE1F1B57DCBD001F40A1 /* Sources */ = {
			isa = PBXSourcesBuildPhase;
			buildActionMask = 2147483647;
			files = (
				6419EE2A1B57DCBD001F40A1 /* SimplifyTests.swift in Sources */,
			);
			runOnlyForDeploymentPostprocessing = 0;
		};
/* End PBXSourcesBuildPhase section */

/* Begin PBXTargetDependency section */
		6419EE251B57DCBD001F40A1 /* PBXTargetDependency */ = {
			isa = PBXTargetDependency;
			target = 6419EE0D1B57DCBD001F40A1 /* Simplify */;
			targetProxy = 6419EE241B57DCBD001F40A1 /* PBXContainerItemProxy */;
		};
/* End PBXTargetDependency section */

/* Begin PBXVariantGroup section */
		6419EE171B57DCBD001F40A1 /* Main.storyboard */ = {
			isa = PBXVariantGroup;
			children = (
				6419EE181B57DCBD001F40A1 /* Base */,
			);
			name = Main.storyboard;
			sourceTree = "<group>";
		};
		6419EE1C1B57DCBD001F40A1 /* LaunchScreen.xib */ = {
			isa = PBXVariantGroup;
			children = (
				6419EE1D1B57DCBD001F40A1 /* Base */,
			);
			name = LaunchScreen.xib;
			sourceTree = "<group>";
		};
/* End PBXVariantGroup section */

/* Begin XCBuildConfiguration section */
		6419EE2B1B57DCBD001F40A1 /* Debug */ = {
			isa = XCBuildConfiguration;
			buildSettings = {
				ALWAYS_SEARCH_USER_PATHS = NO;
				CLANG_CXX_LANGUAGE_STANDARD = "gnu++0x";
				CLANG_CXX_LIBRARY = "libc++";
				CLANG_ENABLE_MODULES = YES;
				CLANG_ENABLE_OBJC_ARC = YES;
				CLANG_WARN_BOOL_CONVERSION = YES;
				CLANG_WARN_CONSTANT_CONVERSION = YES;
				CLANG_WARN_DIRECT_OBJC_ISA_USAGE = YES_ERROR;
				CLANG_WARN_EMPTY_BODY = YES;
				CLANG_WARN_ENUM_CONVERSION = YES;
				CLANG_WARN_INT_CONVERSION = YES;
				CLANG_WARN_OBJC_ROOT_CLASS = YES_ERROR;
				CLANG_WARN_UNREACHABLE_CODE = YES;
				CLANG_WARN__DUPLICATE_METHOD_MATCH = YES;
				"CODE_SIGN_IDENTITY[sdk=iphoneos*]" = "iPhone Developer";
				COPY_PHASE_STRIP = NO;
				DEBUG_INFORMATION_FORMAT = "dwarf-with-dsym";
				ENABLE_STRICT_OBJC_MSGSEND = YES;
				ENABLE_TESTABILITY = YES;
				GCC_C_LANGUAGE_STANDARD = gnu99;
				GCC_DYNAMIC_NO_PIC = NO;
				GCC_NO_COMMON_BLOCKS = YES;
				GCC_OPTIMIZATION_LEVEL = 0;
				GCC_PREPROCESSOR_DEFINITIONS = (
					"DEBUG=1",
					"$(inherited)",
				);
				GCC_SYMBOLS_PRIVATE_EXTERN = NO;
				GCC_WARN_64_TO_32_BIT_CONVERSION = YES;
				GCC_WARN_ABOUT_RETURN_TYPE = YES_ERROR;
				GCC_WARN_UNDECLARED_SELECTOR = YES;
				GCC_WARN_UNINITIALIZED_AUTOS = YES_AGGRESSIVE;
				GCC_WARN_UNUSED_FUNCTION = YES;
				GCC_WARN_UNUSED_VARIABLE = YES;
				IPHONEOS_DEPLOYMENT_TARGET = 8.3;
				MTL_ENABLE_DEBUG_INFO = YES;
				ONLY_ACTIVE_ARCH = YES;
				SDKROOT = iphoneos;
				SWIFT_OPTIMIZATION_LEVEL = "-Onone";
				TARGETED_DEVICE_FAMILY = "1,2";
			};
			name = Debug;
		};
		6419EE2C1B57DCBD001F40A1 /* Release */ = {
			isa = XCBuildConfiguration;
			buildSettings = {
				ALWAYS_SEARCH_USER_PATHS = NO;
				CLANG_CXX_LANGUAGE_STANDARD = "gnu++0x";
				CLANG_CXX_LIBRARY = "libc++";
				CLANG_ENABLE_MODULES = YES;
				CLANG_ENABLE_OBJC_ARC = YES;
				CLANG_WARN_BOOL_CONVERSION = YES;
				CLANG_WARN_CONSTANT_CONVERSION = YES;
				CLANG_WARN_DIRECT_OBJC_ISA_USAGE = YES_ERROR;
				CLANG_WARN_EMPTY_BODY = YES;
				CLANG_WARN_ENUM_CONVERSION = YES;
				CLANG_WARN_INT_CONVERSION = YES;
				CLANG_WARN_OBJC_ROOT_CLASS = YES_ERROR;
				CLANG_WARN_UNREACHABLE_CODE = YES;
				CLANG_WARN__DUPLICATE_METHOD_MATCH = YES;
				"CODE_SIGN_IDENTITY[sdk=iphoneos*]" = "iPhone Developer";
				COPY_PHASE_STRIP = NO;
				DEBUG_INFORMATION_FORMAT = "dwarf-with-dsym";
				ENABLE_NS_ASSERTIONS = NO;
				ENABLE_STRICT_OBJC_MSGSEND = YES;
				GCC_C_LANGUAGE_STANDARD = gnu99;
				GCC_NO_COMMON_BLOCKS = YES;
				GCC_WARN_64_TO_32_BIT_CONVERSION = YES;
				GCC_WARN_ABOUT_RETURN_TYPE = YES_ERROR;
				GCC_WARN_UNDECLARED_SELECTOR = YES;
				GCC_WARN_UNINITIALIZED_AUTOS = YES_AGGRESSIVE;
				GCC_WARN_UNUSED_FUNCTION = YES;
				GCC_WARN_UNUSED_VARIABLE = YES;
				IPHONEOS_DEPLOYMENT_TARGET = 8.3;
				MTL_ENABLE_DEBUG_INFO = NO;
				SDKROOT = iphoneos;
				TARGETED_DEVICE_FAMILY = "1,2";
				VALIDATE_PRODUCT = YES;
			};
			name = Release;
		};
		6419EE2E1B57DCBD001F40A1 /* Debug */ = {
			isa = XCBuildConfiguration;
			buildSettings = {
				ASSETCATALOG_COMPILER_APPICON_NAME = AppIcon;
				INFOPLIST_FILE = Simplify/Info.plist;
				LD_RUNPATH_SEARCH_PATHS = "$(inherited) @executable_path/Frameworks";
				PRODUCT_BUNDLE_IDENTIFIER = "danielemargutti.$(PRODUCT_NAME:rfc1034identifier)";
				PRODUCT_NAME = "$(TARGET_NAME)";
			};
			name = Debug;
		};
		6419EE2F1B57DCBD001F40A1 /* Release */ = {
			isa = XCBuildConfiguration;
			buildSettings = {
				ASSETCATALOG_COMPILER_APPICON_NAME = AppIcon;
				INFOPLIST_FILE = Simplify/Info.plist;
				LD_RUNPATH_SEARCH_PATHS = "$(inherited) @executable_path/Frameworks";
				PRODUCT_BUNDLE_IDENTIFIER = "danielemargutti.$(PRODUCT_NAME:rfc1034identifier)";
				PRODUCT_NAME = "$(TARGET_NAME)";
			};
			name = Release;
		};
		6419EE311B57DCBD001F40A1 /* Debug */ = {
			isa = XCBuildConfiguration;
			buildSettings = {
				BUNDLE_LOADER = "$(TEST_HOST)";
				FRAMEWORK_SEARCH_PATHS = (
					"$(SDKROOT)/Developer/Library/Frameworks",
					"$(inherited)",
				);
				GCC_PREPROCESSOR_DEFINITIONS = (
					"DEBUG=1",
					"$(inherited)",
				);
				INFOPLIST_FILE = SimplifyTests/Info.plist;
				LD_RUNPATH_SEARCH_PATHS = "$(inherited) @executable_path/Frameworks @loader_path/Frameworks";
				PRODUCT_BUNDLE_IDENTIFIER = "danielemargutti.$(PRODUCT_NAME:rfc1034identifier)";
				PRODUCT_NAME = "$(TARGET_NAME)";
				TEST_HOST = "$(BUILT_PRODUCTS_DIR)/Simplify.app/Simplify";
			};
			name = Debug;
		};
		6419EE321B57DCBD001F40A1 /* Release */ = {
			isa = XCBuildConfiguration;
			buildSettings = {
				BUNDLE_LOADER = "$(TEST_HOST)";
				FRAMEWORK_SEARCH_PATHS = (
					"$(SDKROOT)/Developer/Library/Frameworks",
					"$(inherited)",
				);
				INFOPLIST_FILE = SimplifyTests/Info.plist;
				LD_RUNPATH_SEARCH_PATHS = "$(inherited) @executable_path/Frameworks @loader_path/Frameworks";
				PRODUCT_BUNDLE_IDENTIFIER = "danielemargutti.$(PRODUCT_NAME:rfc1034identifier)";
				PRODUCT_NAME = "$(TARGET_NAME)";
				TEST_HOST = "$(BUILT_PRODUCTS_DIR)/Simplify.app/Simplify";
			};
			name = Release;
		};
/* End XCBuildConfiguration section */

/* Begin XCConfigurationList section */
		6419EE091B57DCBD001F40A1 /* Build configuration list for PBXProject "Simplify" */ = {
			isa = XCConfigurationList;
			buildConfigurations = (
				6419EE2B1B57DCBD001F40A1 /* Debug */,
				6419EE2C1B57DCBD001F40A1 /* Release */,
			);
			defaultConfigurationIsVisible = 0;
			defaultConfigurationName = Release;
		};
		6419EE2D1B57DCBD001F40A1 /* Build configuration list for PBXNativeTarget "Simplify" */ = {
			isa = XCConfigurationList;
			buildConfigurations = (
				6419EE2E1B57DCBD001F40A1 /* Debug */,
				6419EE2F1B57DCBD001F40A1 /* Release */,
			);
			defaultConfigurationIsVisible = 0;
			defaultConfigurationName = Release;
		};
		6419EE301B57DCBD001F40A1 /* Build configuration list for PBXNativeTarget "SimplifyTests" */ = {
			isa = XCConfigurationList;
			buildConfigurations = (
				6419EE311B57DCBD001F40A1 /* Debug */,
				6419EE321B57DCBD001F40A1 /* Release */,
			);
			defaultConfigurationIsVisible = 0;
			defaultConfigurationName = Release;
		};
/* End XCConfigurationList section */
	};
	rootObject = 6419EE061B57DCBD001F40A1 /* Project object */;
}
